// !$*UTF8*$!
{
	archiveVersion = 1;
	classes = {
	};
	objectVersion = 48;
	objects = {

/* Begin PBXBuildFile section */
		1BBF4F22241959ECA84357E2 /* Pods_InstagramParse.framework in Frameworks */ = {isa = PBXBuildFile; fileRef = 157299D42184EC9D3FC5E6BC /* Pods_InstagramParse.framework */; };
		A608DB7C202B9CBB00BFAED4 /* AppDelegate.swift in Sources */ = {isa = PBXBuildFile; fileRef = A608DB7B202B9CBB00BFAED4 /* AppDelegate.swift */; };
		A608DB7E202B9CBB00BFAED4 /* feedViewController.swift in Sources */ = {isa = PBXBuildFile; fileRef = A608DB7D202B9CBB00BFAED4 /* feedViewController.swift */; };
		A608DB80202B9CBB00BFAED4 /* uploadViewController.swift in Sources */ = {isa = PBXBuildFile; fileRef = A608DB7F202B9CBB00BFAED4 /* uploadViewController.swift */; };
		A608DB83202B9CBB00BFAED4 /* Main.storyboard in Resources */ = {isa = PBXBuildFile; fileRef = A608DB81202B9CBB00BFAED4 /* Main.storyboard */; };
		A608DB85202B9CBB00BFAED4 /* Assets.xcassets in Resources */ = {isa = PBXBuildFile; fileRef = A608DB84202B9CBB00BFAED4 /* Assets.xcassets */; };
		A608DB88202B9CBB00BFAED4 /* LaunchScreen.storyboard in Resources */ = {isa = PBXBuildFile; fileRef = A608DB86202B9CBB00BFAED4 /* LaunchScreen.storyboard */; };
		A6418D2E2034EA93000C8C6B /* feedCell.swift in Sources */ = {isa = PBXBuildFile; fileRef = A6418D2D2034EA93000C8C6B /* feedCell.swift */; };
		A693F6D5202FC0B900F32FEF /* SingInViewController.swift in Sources */ = {isa = PBXBuildFile; fileRef = A693F6D4202FC0B900F32FEF /* SingInViewController.swift */; };
		A6A829AF20348A1900113C9B /* select.png in Resources */ = {isa = PBXBuildFile; fileRef = A6A829AE20348A1900113C9B /* select.png */; };
		A6BD388820310FBA0091E721 /* SingUpViewController.swift in Sources */ = {isa = PBXBuildFile; fileRef = A6BD388720310FBA0091E721 /* SingUpViewController.swift */; };
/* End PBXBuildFile section */

/* Begin PBXFileReference section */
		13AF388096386D79025CFC12 /* Pods-InstagramParse.release.xcconfig */ = {isa = PBXFileReference; includeInIndex = 1; lastKnownFileType = text.xcconfig; name = "Pods-InstagramParse.release.xcconfig"; path = "Pods/Target Support Files/Pods-InstagramParse/Pods-InstagramParse.release.xcconfig"; sourceTree = "<group>"; };
		157299D42184EC9D3FC5E6BC /* Pods_InstagramParse.framework */ = {isa = PBXFileReference; explicitFileType = wrapper.framework; includeInIndex = 0; path = Pods_InstagramParse.framework; sourceTree = BUILT_PRODUCTS_DIR; };
		A608DB78202B9CBB00BFAED4 /* InstagramParse.app */ = {isa = PBXFileReference; explicitFileType = wrapper.application; includeInIndex = 0; path = InstagramParse.app; sourceTree = BUILT_PRODUCTS_DIR; };
		A608DB7B202B9CBB00BFAED4 /* AppDelegate.swift */ = {isa = PBXFileReference; lastKnownFileType = sourcecode.swift; path = AppDelegate.swift; sourceTree = "<group>"; };
		A608DB7D202B9CBB00BFAED4 /* feedViewController.swift */ = {isa = PBXFileReference; lastKnownFileType = sourcecode.swift; path = feedViewController.swift; sourceTree = "<group>"; };
		A608DB7F202B9CBB00BFAED4 /* uploadViewController.swift */ = {isa = PBXFileReference; lastKnownFileType = sourcecode.swift; path = uploadViewController.swift; sourceTree = "<group>"; };
		A608DB82202B9CBB00BFAED4 /* Base */ = {isa = PBXFileReference; lastKnownFileType = file.storyboard; name = Base; path = Base.lproj/Main.storyboard; sourceTree = "<group>"; };
		A608DB84202B9CBB00BFAED4 /* Assets.xcassets */ = {isa = PBXFileReference; lastKnownFileType = folder.assetcatalog; path = Assets.xcassets; sourceTree = "<group>"; };
		A608DB87202B9CBB00BFAED4 /* Base */ = {isa = PBXFileReference; lastKnownFileType = file.storyboard; name = Base; path = Base.lproj/LaunchScreen.storyboard; sourceTree = "<group>"; };
		A608DB89202B9CBB00BFAED4 /* Info.plist */ = {isa = PBXFileReference; lastKnownFileType = text.plist.xml; path = Info.plist; sourceTree = "<group>"; };
		A6418D2D2034EA93000C8C6B /* feedCell.swift */ = {isa = PBXFileReference; lastKnownFileType = sourcecode.swift; path = feedCell.swift; sourceTree = "<group>"; };
		A693F6D4202FC0B900F32FEF /* SingInViewController.swift */ = {isa = PBXFileReference; lastKnownFileType = sourcecode.swift; path = SingInViewController.swift; sourceTree = "<group>"; };
		A6A829AE20348A1900113C9B /* select.png */ = {isa = PBXFileReference; lastKnownFileType = image.png; path = select.png; sourceTree = "<group>"; };
		A6BD388720310FBA0091E721 /* SingUpViewController.swift */ = {isa = PBXFileReference; lastKnownFileType = sourcecode.swift; path = SingUpViewController.swift; sourceTree = "<group>"; };
		D62B9DE3BB1F6E644EECA81A /* Pods-InstagramParse.debug.xcconfig */ = {isa = PBXFileReference; includeInIndex = 1; lastKnownFileType = text.xcconfig; name = "Pods-InstagramParse.debug.xcconfig"; path = "Pods/Target Support Files/Pods-InstagramParse/Pods-InstagramParse.debug.xcconfig"; sourceTree = "<group>"; };
/* End PBXFileReference section */

/* Begin PBXFrameworksBuildPhase section */
		A608DB75202B9CBB00BFAED4 /* Frameworks */ = {
			isa = PBXFrameworksBuildPhase;
			buildActionMask = 2147483647;
			files = (
				1BBF4F22241959ECA84357E2 /* Pods_InstagramParse.framework in Frameworks */,
			);
			runOnlyForDeploymentPostprocessing = 0;
		};
/* End PBXFrameworksBuildPhase section */

/* Begin PBXGroup section */
		63128295AEC3941675A2D2F6 /* Pods */ = {
			isa = PBXGroup;
			children = (
				D62B9DE3BB1F6E644EECA81A /* Pods-InstagramParse.debug.xcconfig */,
				13AF388096386D79025CFC12 /* Pods-InstagramParse.release.xcconfig */,
			);
			name = Pods;
			sourceTree = "<group>";
		};
		7F6BF4A7915FCE6ADE2BF28F /* Frameworks */ = {
			isa = PBXGroup;
			children = (
				157299D42184EC9D3FC5E6BC /* Pods_InstagramParse.framework */,
			);
			name = Frameworks;
			sourceTree = "<group>";
		};
		A608DB6F202B9CBB00BFAED4 = {
			isa = PBXGroup;
			children = (
				A608DB7A202B9CBB00BFAED4 /* InstagramParse */,
				A608DB79202B9CBB00BFAED4 /* Products */,
				63128295AEC3941675A2D2F6 /* Pods */,
				7F6BF4A7915FCE6ADE2BF28F /* Frameworks */,
			);
			sourceTree = "<group>";
		};
		A608DB79202B9CBB00BFAED4 /* Products */ = {
			isa = PBXGroup;
			children = (
				A608DB78202B9CBB00BFAED4 /* InstagramParse.app */,
			);
			name = Products;
			sourceTree = "<group>";
		};
		A608DB7A202B9CBB00BFAED4 /* InstagramParse */ = {
			isa = PBXGroup;
			children = (
				A6A829AE20348A1900113C9B /* select.png */,
				A608DB7B202B9CBB00BFAED4 /* AppDelegate.swift */,
				A693F6D4202FC0B900F32FEF /* SingInViewController.swift */,
				A6BD388720310FBA0091E721 /* SingUpViewController.swift */,
				A608DB7D202B9CBB00BFAED4 /* feedViewController.swift */,
				A6418D2D2034EA93000C8C6B /* feedCell.swift */,
				A608DB7F202B9CBB00BFAED4 /* uploadViewController.swift */,
				A608DB81202B9CBB00BFAED4 /* Main.storyboard */,
				A608DB84202B9CBB00BFAED4 /* Assets.xcassets */,
				A608DB86202B9CBB00BFAED4 /* LaunchScreen.storyboard */,
				A608DB89202B9CBB00BFAED4 /* Info.plist */,
			);
			path = InstagramParse;
			sourceTree = "<group>";
		};
/* End PBXGroup section */

/* Begin PBXNativeTarget section */
		A608DB77202B9CBB00BFAED4 /* InstagramParse */ = {
			isa = PBXNativeTarget;
			buildConfigurationList = A608DB8C202B9CBB00BFAED4 /* Build configuration list for PBXNativeTarget "InstagramParse" */;
			buildPhases = (
				999C723C93C33BD3FB3A5C4A /* [CP] Check Pods Manifest.lock */,
				A608DB74202B9CBB00BFAED4 /* Sources */,
				A608DB75202B9CBB00BFAED4 /* Frameworks */,
				A608DB76202B9CBB00BFAED4 /* Resources */,
				75D551B552A50AFCBAB83EEC /* [CP] Embed Pods Frameworks */,
				AFB86E0BBBCC0FE8DCE117AF /* [CP] Copy Pods Resources */,
			);
			buildRules = (
			);
			dependencies = (
			);
			name = InstagramParse;
			productName = InstagramParse;
			productReference = A608DB78202B9CBB00BFAED4 /* InstagramParse.app */;
			productType = "com.apple.product-type.application";
		};
/* End PBXNativeTarget section */

/* Begin PBXProject section */
		A608DB70202B9CBB00BFAED4 /* Project object */ = {
			isa = PBXProject;
			attributes = {
				LastSwiftUpdateCheck = 0920;
				LastUpgradeCheck = 0920;
				ORGANIZATIONNAME = "Cem Bakca";
				TargetAttributes = {
					A608DB77202B9CBB00BFAED4 = {
						CreatedOnToolsVersion = 9.2;
						ProvisioningStyle = Automatic;
					};
				};
			};
			buildConfigurationList = A608DB73202B9CBB00BFAED4 /* Build configuration list for PBXProject "InstagramParse" */;
			compatibilityVersion = "Xcode 8.0";
			developmentRegion = en;
			hasScannedForEncodings = 0;
			knownRegions = (
				en,
				Base,
			);
			mainGroup = A608DB6F202B9CBB00BFAED4;
			productRefGroup = A608DB79202B9CBB00BFAED4 /* Products */;
			projectDirPath = "";
			projectRoot = "";
			targets = (
				A608DB77202B9CBB00BFAED4 /* InstagramParse */,
			);
		};
/* End PBXProject section */

/* Begin PBXResourcesBuildPhase section */
		A608DB76202B9CBB00BFAED4 /* Resources */ = {
			isa = PBXResourcesBuildPhase;
			buildActionMask = 2147483647;
			files = (
				A608DB88202B9CBB00BFAED4 /* LaunchScreen.storyboard in Resources */,
				A6A829AF20348A1900113C9B /* select.png in Resources */,
				A608DB85202B9CBB00BFAED4 /* Assets.xcassets in Resources */,
				A608DB83202B9CBB00BFAED4 /* Main.storyboard in Resources */,
			);
			runOnlyForDeploymentPostprocessing = 0;
		};
/* End PBXResourcesBuildPhase section */

/* Begin PBXShellScriptBuildPhase section */
		75D551B552A50AFCBAB83EEC /* [CP] Embed Pods Frameworks */ = {
			isa = PBXShellScriptBuildPhase;
			buildActionMask = 2147483647;
			files = (
			);
			inputPaths = (
				"${SRCROOT}/Pods/Target Support Files/Pods-InstagramParse/Pods-InstagramParse-frameworks.sh",
				"${BUILT_PRODUCTS_DIR}/Bolts/Bolts.framework",
				"${BUILT_PRODUCTS_DIR}/Parse/Parse.framework",
			);
			name = "[CP] Embed Pods Frameworks";
			outputPaths = (
				"${TARGET_BUILD_DIR}/${FRAMEWORKS_FOLDER_PATH}/Bolts.framework",
				"${TARGET_BUILD_DIR}/${FRAMEWORKS_FOLDER_PATH}/Parse.framework",
			);
			runOnlyForDeploymentPostprocessing = 0;
			shellPath = /bin/sh;
			shellScript = "\"${SRCROOT}/Pods/Target Support Files/Pods-InstagramParse/Pods-InstagramParse-frameworks.sh\"\n";
			showEnvVarsInLog = 0;
		};
		999C723C93C33BD3FB3A5C4A /* [CP] Check Pods Manifest.lock */ = {
			isa = PBXShellScriptBuildPhase;
			buildActionMask = 2147483647;
			files = (
			);
			inputPaths = (
				"${PODS_PODFILE_DIR_PATH}/Podfile.lock",
				"${PODS_ROOT}/Manifest.lock",
			);
			name = "[CP] Check Pods Manifest.lock";
			outputPaths = (
				"$(DERIVED_FILE_DIR)/Pods-InstagramParse-checkManifestLockResult.txt",
			);
			runOnlyForDeploymentPostprocessing = 0;
			shellPath = /bin/sh;
			shellScript = "diff \"${PODS_PODFILE_DIR_PATH}/Podfile.lock\" \"${PODS_ROOT}/Manifest.lock\" > /dev/null\nif [ $? != 0 ] ; then\n    # print error to STDERR\n    echo \"error: The sandbox is not in sync with the Podfile.lock. Run 'pod install' or update your CocoaPods installation.\" >&2\n    exit 1\nfi\n# This output is used by Xcode 'outputs' to avoid re-running this script phase.\necho \"SUCCESS\" > \"${SCRIPT_OUTPUT_FILE_0}\"\n";
			showEnvVarsInLog = 0;
		};
		AFB86E0BBBCC0FE8DCE117AF /* [CP] Copy Pods Resources */ = {
			isa = PBXShellScriptBuildPhase;
			buildActionMask = 2147483647;
			files = (
			);
			inputPaths = (
			);
			name = "[CP] Copy Pods Resources";
			outputPaths = (
			);
			runOnlyForDeploymentPostprocessing = 0;
			shellPath = /bin/sh;
			shellScript = "\"${SRCROOT}/Pods/Target Support Files/Pods-InstagramParse/Pods-InstagramParse-resources.sh\"\n";
			showEnvVarsInLog = 0;
		};
/* End PBXShellScriptBuildPhase section */

/* Begin PBXSourcesBuildPhase section */
		A608DB74202B9CBB00BFAED4 /* Sources */ = {
			isa = PBXSourcesBuildPhase;
			buildActionMask = 2147483647;
			files = (
				A693F6D5202FC0B900F32FEF /* SingInViewController.swift in Sources */,
				A6418D2E2034EA93000C8C6B /* feedCell.swift in Sources */,
				A608DB80202B9CBB00BFAED4 /* uploadViewController.swift in Sources */,
				A6BD388820310FBA0091E721 /* SingUpViewController.swift in Sources */,
				A608DB7C202B9CBB00BFAED4 /* AppDelegate.swift in Sources */,
				A608DB7E202B9CBB00BFAED4 /* feedViewController.swift in Sources */,
			);
			runOnlyForDeploymentPostprocessing = 0;
		};
/* End PBXSourcesBuildPhase section */

/* Begin PBXVariantGroup section */
		A608DB81202B9CBB00BFAED4 /* Main.storyboard */ = {
			isa = PBXVariantGroup;
			children = (
				A608DB82202B9CBB00BFAED4 /* Base */,
			);
			name = Main.storyboard;
			sourceTree = "<group>";
		};
		A608DB86202B9CBB00BFAED4 /* LaunchScreen.storyboard */ = {
			isa = PBXVariantGroup;
			children = (
				A608DB87202B9CBB00BFAED4 /* Base */,
			);
			name = LaunchScreen.storyboard;
			sourceTree = "<group>";
		};
/* End PBXVariantGroup section */

/* Begin XCBuildConfiguration section */
		A608DB8A202B9CBB00BFAED4 /* Debug */ = {
			isa = XCBuildConfiguration;
			buildSettings = {
				ALWAYS_SEARCH_USER_PATHS = NO;
				CLANG_ANALYZER_NONNULL = YES;
				CLANG_ANALYZER_NUMBER_OBJECT_CONVERSION = YES_AGGRESSIVE;
				CLANG_CXX_LANGUAGE_STANDARD = "gnu++14";
				CLANG_CXX_LIBRARY = "libc++";
				CLANG_ENABLE_MODULES = YES;
				CLANG_ENABLE_OBJC_ARC = YES;
				CLANG_WARN_BLOCK_CAPTURE_AUTORELEASING = YES;
				CLANG_WARN_BOOL_CONVERSION = YES;
				CLANG_WARN_COMMA = YES;
				CLANG_WARN_CONSTANT_CONVERSION = YES;
				CLANG_WARN_DIRECT_OBJC_ISA_USAGE = YES_ERROR;
				CLANG_WARN_DOCUMENTATION_COMMENTS = YES;
				CLANG_WARN_EMPTY_BODY = YES;
				CLANG_WARN_ENUM_CONVERSION = YES;
				CLANG_WARN_INFINITE_RECURSION = YES;
				CLANG_WARN_INT_CONVERSION = YES;
				CLANG_WARN_NON_LITERAL_NULL_CONVERSION = YES;
				CLANG_WARN_OBJC_LITERAL_CONVERSION = YES;
				CLANG_WARN_OBJC_ROOT_CLASS = YES_ERROR;
				CLANG_WARN_RANGE_LOOP_ANALYSIS = YES;
				CLANG_WARN_STRICT_PROTOTYPES = YES;
				CLANG_WARN_SUSPICIOUS_MOVE = YES;
				CLANG_WARN_UNGUARDED_AVAILABILITY = YES_AGGRESSIVE;
				CLANG_WARN_UNREACHABLE_CODE = YES;
				CLANG_WARN__DUPLICATE_METHOD_MATCH = YES;
				CODE_SIGN_IDENTITY = "iPhone Developer";
				COPY_PHASE_STRIP = NO;
				DEBUG_INFORMATION_FORMAT = dwarf;
				ENABLE_STRICT_OBJC_MSGSEND = YES;
				ENABLE_TESTABILITY = YES;
				GCC_C_LANGUAGE_STANDARD = gnu11;
				GCC_DYNAMIC_NO_PIC = NO;
				GCC_NO_COMMON_BLOCKS = YES;
				GCC_OPTIMIZATION_LEVEL = 0;
				GCC_PREPROCESSOR_DEFINITIONS = (
					"DEBUG=1",
					"$(inherited)",
				);
				GCC_WARN_64_TO_32_BIT_CONVERSION = YES;
				GCC_WARN_ABOUT_RETURN_TYPE = YES_ERROR;
				GCC_WARN_UNDECLARED_SELECTOR = YES;
				GCC_WARN_UNINITIALIZED_AUTOS = YES_AGGRESSIVE;
				GCC_WARN_UNUSED_FUNCTION = YES;
				GCC_WARN_UNUSED_VARIABLE = YES;
				IPHONEOS_DEPLOYMENT_TARGET = 11.2;
				MTL_ENABLE_DEBUG_INFO = YES;
				ONLY_ACTIVE_ARCH = YES;
				SDKROOT = iphoneos;
				SWIFT_ACTIVE_COMPILATION_CONDITIONS = DEBUG;
				SWIFT_OPTIMIZATION_LEVEL = "-Onone";
			};
			name = Debug;
		};
		A608DB8B202B9CBB00BFAED4 /* Release */ = {
			isa = XCBuildConfiguration;
			buildSettings = {
				ALWAYS_SEARCH_USER_PATHS = NO;
				CLANG_ANALYZER_NONNULL = YES;
				CLANG_ANALYZER_NUMBER_OBJECT_CONVERSION = YES_AGGRESSIVE;
				CLANG_CXX_LANGUAGE_STANDARD = "gnu++14";
				CLANG_CXX_LIBRARY = "libc++";
				CLANG_ENABLE_MODULES = YES;
				CLANG_ENABLE_OBJC_ARC = YES;
				CLANG_WARN_BLOCK_CAPTURE_AUTORELEASING = YES;
				CLANG_WARN_BOOL_CONVERSION = YES;
				CLANG_WARN_COMMA = YES;
				CLANG_WARN_CONSTANT_CONVERSION = YES;
				CLANG_WARN_DIRECT_OBJC_ISA_USAGE = YES_ERROR;
				CLANG_WARN_DOCUMENTATION_COMMENTS = YES;
				CLANG_WARN_EMPTY_BODY = YES;
				CLANG_WARN_ENUM_CONVERSION = YES;
				CLANG_WARN_INFINITE_RECURSION = YES;
				CLANG_WARN_INT_CONVERSION = YES;
				CLANG_WARN_NON_LITERAL_NULL_CONVERSION = YES;
				CLANG_WARN_OBJC_LITERAL_CONVERSION = YES;
				CLANG_WARN_OBJC_ROOT_CLASS = YES_ERROR;
				CLANG_WARN_RANGE_LOOP_ANALYSIS = YES;
				CLANG_WARN_STRICT_PROTOTYPES = YES;
				CLANG_WARN_SUSPICIOUS_MOVE = YES;
				CLANG_WARN_UNGUARDED_AVAILABILITY = YES_AGGRESSIVE;
				CLANG_WARN_UNREACHABLE_CODE = YES;
				CLANG_WARN__DUPLICATE_METHOD_MATCH = YES;
				CODE_SIGN_IDENTITY = "iPhone Developer";
				COPY_PHASE_STRIP = NO;
				DEBUG_INFORMATION_FORMAT = "dwarf-with-dsym";
				ENABLE_NS_ASSERTIONS = NO;
				ENABLE_STRICT_OBJC_MSGSEND = YES;
				GCC_C_LANGUAGE_STANDARD = gnu11;
				GCC_NO_COMMON_BLOCKS = YES;
				GCC_WARN_64_TO_32_BIT_CONVERSION = YES;
				GCC_WARN_ABOUT_RETURN_TYPE = YES_ERROR;
				GCC_WARN_UNDECLARED_SELECTOR = YES;
				GCC_WARN_UNINITIALIZED_AUTOS = YES_AGGRESSIVE;
				GCC_WARN_UNUSED_FUNCTION = YES;
				GCC_WARN_UNUSED_VARIABLE = YES;
				IPHONEOS_DEPLOYMENT_TARGET = 11.2;
				MTL_ENABLE_DEBUG_INFO = NO;
				SDKROOT = iphoneos;
				SWIFT_OPTIMIZATION_LEVEL = "-Owholemodule";
				VALIDATE_PRODUCT = YES;
			};
			name = Release;
		};
		A608DB8D202B9CBB00BFAED4 /* Debug */ = {
			isa = XCBuildConfiguration;
			baseConfigurationReference = D62B9DE3BB1F6E644EECA81A /* Pods-InstagramParse.debug.xcconfig */;
			buildSettings = {
				ASSETCATALOG_COMPILER_APPICON_NAME = AppIcon;
				CODE_SIGN_STYLE = Automatic;
				INFOPLIST_FILE = InstagramParse/Info.plist;
				LD_RUNPATH_SEARCH_PATHS = "$(inherited) @executable_path/Frameworks";
				PRODUCT_BUNDLE_IDENTIFIER = com.cembakca.InstagramParse;
				PRODUCT_NAME = "$(TARGET_NAME)";
				SWIFT_VERSION = 4.0;
				TARGETED_DEVICE_FAMILY = "1,2";
			};
			name = Debug;
		};
		A608DB8E202B9CBB00BFAED4 /* Release */ = {
			isa = XCBuildConfiguration;
			baseConfigurationReference = 13AF388096386D79025CFC12 /* Pods-InstagramParse.release.xcconfig */;
			buildSettings = {
				ASSETCATALOG_COMPILER_APPICON_NAME = AppIcon;
				CODE_SIGN_STYLE = Automatic;
				INFOPLIST_FILE = InstagramParse/Info.plist;
				LD_RUNPATH_SEARCH_PATHS = "$(inherited) @executable_path/Frameworks";
				PRODUCT_BUNDLE_IDENTIFIER = com.cembakca.InstagramParse;
				PRODUCT_NAME = "$(TARGET_NAME)";
				SWIFT_VERSION = 4.0;
				TARGETED_DEVICE_FAMILY = "1,2";
			};
			name = Release;
		};
/* End XCBuildConfiguration section */

/* Begin XCConfigurationList section */
		A608DB73202B9CBB00BFAED4 /* Build configuration list for PBXProject "InstagramParse" */ = {
			isa = XCConfigurationList;
			buildConfigurations = (
				A608DB8A202B9CBB00BFAED4 /* Debug */,
				A608DB8B202B9CBB00BFAED4 /* Release */,
			);
			defaultConfigurationIsVisible = 0;
			defaultConfigurationName = Release;
		};
		A608DB8C202B9CBB00BFAED4 /* Build configuration list for PBXNativeTarget "InstagramParse" */ = {
			isa = XCConfigurationList;
			buildConfigurations = (
				A608DB8D202B9CBB00BFAED4 /* Debug */,
				A608DB8E202B9CBB00BFAED4 /* Release */,
			);
			defaultConfigurationIsVisible = 0;
			defaultConfigurationName = Release;
		};
/* End XCConfigurationList section */
	};
	rootObject = A608DB70202B9CBB00BFAED4 /* Project object */;
}
